
Microsoft Visual Studio Solution File, Format Version 12.00
# Visual Studio Version 16
VisualStudioVersion = 16.0.30804.86
MinimumVisualStudioVersion = 10.0.40219.1
Project("{FAE04EC0-301F-11D3-BF4B-00C04F79EFBC}") = "GetTypeInvoke", "GetTypeInvoke.csproj", "{87CE0BC1-3D31-48F5-B7DF-9537F4800262}"
EndProject
Global
	GlobalSection(SolutionConfigurationPlatforms) = preSolution
		Debug|Any CPU = Debug|Any CPU
		Release|Any CPU = Release|Any CPU
	EndGlobalSection
	GlobalSection(ProjectConfigurationPlatforms) = postSolution
		{87CE0BC1-3D31-48F5-B7DF-9537F4800262}.Debug|Any CPU.ActiveCfg = Debug|Any CPU
		{87CE0BC1-3D31-48F5-B7DF-9537F4800262}.Debug|Any CPU.Build.0 = Debug|Any CPU
		{87CE0BC1-3D31-48F5-B7DF-9537F4800262}.Release|Any CPU.ActiveCfg = Release|Any CPU
		{87CE0BC1-3D31-48F5-B7DF-9537F4800262}.Release|Any CPU.Build.0 = Release|Any CPU
	EndGlobalSection
	GlobalSection(SolutionProperties) = preSolution
		HideSolutionNode = FALSE
	EndGlobalSection
	GlobalSection(ExtensibilityGlobals) = postSolution
		SolutionGuid = {03668C57-F884-4D13-981F-71F743639674}
	EndGlobalSection
EndGlobal
